
Microsoft Visual Studio Solution File, Format Version 12.00
# Visual Studio Version 16
VisualStudioVersion = 16.0.31702.278
MinimumVisualStudioVersion = 10.0.40219.1
Project("{888888A0-9F3D-457C-B088-3A5042F75D52}") = "Lab7-8", "Lab7-8.pyproj", "{1A3EBCD8-5C64-4F6B-AA54-85DC2BA2BDFD}"
EndProject
Global
	GlobalSection(SolutionConfigurationPlatforms) = preSolution
		Debug|Any CPU = Debug|Any CPU
		Release|Any CPU = Release|Any CPU
	EndGlobalSection
	GlobalSection(ProjectConfigurationPlatforms) = postSolution
		{1A3EBCD8-5C64-4F6B-AA54-85DC2BA2BDFD}.Debug|Any CPU.ActiveCfg = Debug|Any CPU
		{1A3EBCD8-5C64-4F6B-AA54-85DC2BA2BDFD}.Release|Any CPU.ActiveCfg = Release|Any CPU
	EndGlobalSection
	GlobalSection(SolutionProperties) = preSolution
		HideSolutionNode = FALSE
	EndGlobalSection
	GlobalSection(ExtensibilityGlobals) = postSolution
		SolutionGuid = {CB029597-B333-4C5A-BE46-39B18BCF2A8F}
	EndGlobalSection
EndGlobal
